
Microsoft Visual Studio Solution File, Format Version 12.00
# Visual Studio Version 17
VisualStudioVersion = 17.14.36616.10 d17.14
MinimumVisualStudioVersion = 10.0.40219.1
Project("{FAE04EC0-301F-11D3-BF4B-00C04F79EFBC}") = "OnlineLearningPlatform", "OnlineLearningPlatform\OnlineLearningPlatform.csproj", "{409D2247-8EB6-4774-93C3-D2B245A397D2}"
EndProject
Global
	GlobalSection(SolutionConfigurationPlatforms) = preSolution
		Debug|Any CPU = Debug|Any CPU
		Release|Any CPU = Release|Any CPU
	EndGlobalSection
	GlobalSection(ProjectConfigurationPlatforms) = postSolution
		{409D2247-8EB6-4774-93C3-D2B245A397D2}.Debug|Any CPU.ActiveCfg = Debug|Any CPU
		{409D2247-8EB6-4774-93C3-D2B245A397D2}.Debug|Any CPU.Build.0 = Debug|Any CPU
		{409D2247-8EB6-4774-93C3-D2B245A397D2}.Release|Any CPU.ActiveCfg = Release|Any CPU
		{409D2247-8EB6-4774-93C3-D2B245A397D2}.Release|Any CPU.Build.0 = Release|Any CPU
	EndGlobalSection
	GlobalSection(SolutionProperties) = preSolution
		HideSolutionNode = FALSE
	EndGlobalSection
	GlobalSection(ExtensibilityGlobals) = postSolution
		SolutionGuid = {402A424A-F0B8-4584-86F2-BA2B452EA308}
	EndGlobalSection
EndGlobal
